{
  "name": "@lightningjs/renderer",
  "version": "1.0.0",
  "lockfileVersion": 2,
  "requires": true,
  "packages": {
    "": {
      "name": "@lightningjs/renderer",
      "version": "1.0.0",
      "license": "ISC",
      "dependencies": {
        "@lightningjs/threadx": "file:../threadx"
      },
      "devDependencies": {
        "typescript": "^5.0.0-beta"
      }
    },
    "../threadx": {
      "name": "@lightningjs/threadx",
      "version": "1.0.0",
      "license": "ISC",
      "devDependencies": {
        "@types/mocha": "^10.0.1",
        "@types/tape": "^4.13.2",
        "chai": "^4.3.7",
        "tap-diff": "^0.1.1",
        "tape": "^5.6.1",
        "typescript": "^5.0.0-beta",
        "vite": "^4.0.4"
      }
    },
    "node_modules/@lightningjs/threadx": {
      "resolved": "../threadx",
      "link": true
    },
    "node_modules/typescript": {
      "version": "5.0.0-beta",
      "resolved": "https://registry.npmjs.org/typescript/-/typescript-5.0.0-beta.tgz",
      "integrity": "sha512-+SSabbSXG5mtF+QGdV9uXXt9Saq1cSyI6hSG7znhaLoquleJpnmfkwSxFngK9c2fWWi1W/263TuzXQOsIcdjjA==",
      "dev": true,
      "bin": {
        "tsc": "bin/tsc",
        "tsserver": "bin/tsserver"
      },
      "engines": {
        "node": ">=4.2.0"
      }
    }
  },
  "dependencies": {
    "@lightningjs/threadx": {
      "version": "file:../threadx",
      "requires": {
        "@types/mocha": "^10.0.1",
        "@types/tape": "^4.13.2",
        "chai": "^4.3.7",
        "tap-diff": "^0.1.1",
        "tape": "^5.6.1",
        "typescript": "^5.0.0-beta",
        "vite": "^4.0.4"
      }
    },
    "typescript": {
      "version": "5.0.0-beta",
      "resolved": "https://registry.npmjs.org/typescript/-/typescript-5.0.0-beta.tgz",
      "integrity": "sha512-+SSabbSXG5mtF+QGdV9uXXt9Saq1cSyI6hSG7znhaLoquleJpnmfkwSxFngK9c2fWWi1W/263TuzXQOsIcdjjA==",
      "dev": true
    }
  }
}
